
Microsoft Visual Studio Solution File, Format Version 12.00
# Visual Studio Version 16
VisualStudioVersion = 16.0.32929.386
MinimumVisualStudioVersion = 10.0.40219.1
Project("{FAE04EC0-301F-11D3-BF4B-00C04F79EFBC}") = "PersonsInfo", "PersonsInfo\PersonsInfo.csproj", "{43160308-4CD7-43CE-81A8-7460CDBF3F70}"
EndProject
Global
	GlobalSection(SolutionConfigurationPlatforms) = preSolution
		Debug|Any CPU = Debug|Any CPU
		Release|Any CPU = Release|Any CPU
	EndGlobalSection
	GlobalSection(ProjectConfigurationPlatforms) = postSolution
		{43160308-4CD7-43CE-81A8-7460CDBF3F70}.Debug|Any CPU.ActiveCfg = Debug|Any CPU
		{43160308-4CD7-43CE-81A8-7460CDBF3F70}.Debug|Any CPU.Build.0 = Debug|Any CPU
		{43160308-4CD7-43CE-81A8-7460CDBF3F70}.Release|Any CPU.ActiveCfg = Release|Any CPU
		{43160308-4CD7-43CE-81A8-7460CDBF3F70}.Release|Any CPU.Build.0 = Release|Any CPU
	EndGlobalSection
	GlobalSection(SolutionProperties) = preSolution
		HideSolutionNode = FALSE
	EndGlobalSection
	GlobalSection(ExtensibilityGlobals) = postSolution
		SolutionGuid = {6D2F30C6-F6A7-4143-8242-5C54EBC587AA}
	EndGlobalSection
EndGlobal
