
Microsoft Visual Studio Solution File, Format Version 12.00
# Visual Studio Version 16
VisualStudioVersion = 16.0.32929.386
MinimumVisualStudioVersion = 10.0.40219.1
Project("{FAE04EC0-301F-11D3-BF4B-00C04F79EFBC}") = "01.Farm", "01.Farm\01.Farm.csproj", "{6753C078-9AF9-4EEA-A166-1A3BE3D27743}"
EndProject
Project("{FAE04EC0-301F-11D3-BF4B-00C04F79EFBC}") = "02.CustomRandomList", "02.CustomRandomList\02.CustomRandomList.csproj", "{5CDB3990-2E3C-422B-A441-113F3112D87E}"
EndProject
Project("{FAE04EC0-301F-11D3-BF4B-00C04F79EFBC}") = "05.StackofStrings", "05.StackofStrings\05.StackofStrings.csproj", "{12A684D0-ECD1-46A2-9197-FE563A64A99D}"
EndProject
Global
	GlobalSection(SolutionConfigurationPlatforms) = preSolution
		Debug|Any CPU = Debug|Any CPU
		Release|Any CPU = Release|Any CPU
	EndGlobalSection
	GlobalSection(ProjectConfigurationPlatforms) = postSolution
		{6753C078-9AF9-4EEA-A166-1A3BE3D27743}.Debug|Any CPU.ActiveCfg = Debug|Any CPU
		{6753C078-9AF9-4EEA-A166-1A3BE3D27743}.Debug|Any CPU.Build.0 = Debug|Any CPU
		{6753C078-9AF9-4EEA-A166-1A3BE3D27743}.Release|Any CPU.ActiveCfg = Release|Any CPU
		{6753C078-9AF9-4EEA-A166-1A3BE3D27743}.Release|Any CPU.Build.0 = Release|Any CPU
		{5CDB3990-2E3C-422B-A441-113F3112D87E}.Debug|Any CPU.ActiveCfg = Debug|Any CPU
		{5CDB3990-2E3C-422B-A441-113F3112D87E}.Debug|Any CPU.Build.0 = Debug|Any CPU
		{5CDB3990-2E3C-422B-A441-113F3112D87E}.Release|Any CPU.ActiveCfg = Release|Any CPU
		{5CDB3990-2E3C-422B-A441-113F3112D87E}.Release|Any CPU.Build.0 = Release|Any CPU
		{12A684D0-ECD1-46A2-9197-FE563A64A99D}.Debug|Any CPU.ActiveCfg = Debug|Any CPU
		{12A684D0-ECD1-46A2-9197-FE563A64A99D}.Debug|Any CPU.Build.0 = Debug|Any CPU
		{12A684D0-ECD1-46A2-9197-FE563A64A99D}.Release|Any CPU.ActiveCfg = Release|Any CPU
		{12A684D0-ECD1-46A2-9197-FE563A64A99D}.Release|Any CPU.Build.0 = Release|Any CPU
	EndGlobalSection
	GlobalSection(SolutionProperties) = preSolution
		HideSolutionNode = FALSE
	EndGlobalSection
	GlobalSection(ExtensibilityGlobals) = postSolution
		SolutionGuid = {E0303D70-2F13-4529-99C9-F72F662D036E}
	EndGlobalSection
EndGlobal
