
Microsoft Visual Studio Solution File, Format Version 12.00
# Visual Studio Version 16
VisualStudioVersion = 16.0.32929.386
MinimumVisualStudioVersion = 10.0.40219.1
Project("{FAE04EC0-301F-11D3-BF4B-00C04F79EFBC}") = "01.Shapes", "01.Shapes\01.Shapes.csproj", "{6813A81E-31B3-467D-809A-625FE6B74A57}"
EndProject
Project("{FAE04EC0-301F-11D3-BF4B-00C04F79EFBC}") = "02.Cars", "02.Cars\02.Cars.csproj", "{B62160DA-35BE-4303-B05B-38A639B280FC}"
EndProject
Global
	GlobalSection(SolutionConfigurationPlatforms) = preSolution
		Debug|Any CPU = Debug|Any CPU
		Release|Any CPU = Release|Any CPU
	EndGlobalSection
	GlobalSection(ProjectConfigurationPlatforms) = postSolution
		{6813A81E-31B3-467D-809A-625FE6B74A57}.Debug|Any CPU.ActiveCfg = Debug|Any CPU
		{6813A81E-31B3-467D-809A-625FE6B74A57}.Debug|Any CPU.Build.0 = Debug|Any CPU
		{6813A81E-31B3-467D-809A-625FE6B74A57}.Release|Any CPU.ActiveCfg = Release|Any CPU
		{6813A81E-31B3-467D-809A-625FE6B74A57}.Release|Any CPU.Build.0 = Release|Any CPU
		{B62160DA-35BE-4303-B05B-38A639B280FC}.Debug|Any CPU.ActiveCfg = Debug|Any CPU
		{B62160DA-35BE-4303-B05B-38A639B280FC}.Debug|Any CPU.Build.0 = Debug|Any CPU
		{B62160DA-35BE-4303-B05B-38A639B280FC}.Release|Any CPU.ActiveCfg = Release|Any CPU
		{B62160DA-35BE-4303-B05B-38A639B280FC}.Release|Any CPU.Build.0 = Release|Any CPU
	EndGlobalSection
	GlobalSection(SolutionProperties) = preSolution
		HideSolutionNode = FALSE
	EndGlobalSection
	GlobalSection(ExtensibilityGlobals) = postSolution
		SolutionGuid = {BAE3189C-6F3F-4BF9-98B0-1B2162757B3D}
	EndGlobalSection
EndGlobal
